
Microsoft Visual Studio Solution File, Format Version 12.00
# Visual Studio Version 16
VisualStudioVersion = 16.0.31025.194
MinimumVisualStudioVersion = 10.0.40219.1
Project("{FAE04EC0-301F-11D3-BF4B-00C04F79EFBC}") = "chrome-pathofexile-trade-proxy", "chrome-pathofexile-trade-proxy.csproj", "{B8E4EFB5-F35C-48D6-BBD1-370C6453647E}"
EndProject
Global
	GlobalSection(SolutionConfigurationPlatforms) = preSolution
		Debug|Any CPU = Debug|Any CPU
		Release|Any CPU = Release|Any CPU
	EndGlobalSection
	GlobalSection(ProjectConfigurationPlatforms) = postSolution
		{B8E4EFB5-F35C-48D6-BBD1-370C6453647E}.Debug|Any CPU.ActiveCfg = Debug|Any CPU
		{B8E4EFB5-F35C-48D6-BBD1-370C6453647E}.Debug|Any CPU.Build.0 = Debug|Any CPU
		{B8E4EFB5-F35C-48D6-BBD1-370C6453647E}.Release|Any CPU.ActiveCfg = Release|Any CPU
		{B8E4EFB5-F35C-48D6-BBD1-370C6453647E}.Release|Any CPU.Build.0 = Release|Any CPU
	EndGlobalSection
	GlobalSection(SolutionProperties) = preSolution
		HideSolutionNode = FALSE
	EndGlobalSection
	GlobalSection(ExtensibilityGlobals) = postSolution
		SolutionGuid = {5C55AF53-AAF9-441F-A283-307956D5E123}
	EndGlobalSection
EndGlobal
